# This file is generated by running "yarn install" inside your project.
# Manual changes might be lost - proceed with caution!

__metadata:
  version: 8
  cacheKey: 10c0

"ansi-colors@npm:^4.1.1":
  version: 4.1.3
  resolution: "ansi-colors@npm:4.1.3"
  checksum: 10c0/ec87a2f59902f74e61eada7f6e6fe20094a628dab765cfdbd03c3477599368768cffccdb5d3bb19a1b6c99126783a143b1fee31aab729b31ffe5836c7e5e28b9
  languageName: node
  linkType: hard

"tabby-auto-sudo-password@workspace:.":
  version: 0.0.0-use.local
  resolution: "tabby-auto-sudo-password@workspace:."
  dependencies:
    ansi-colors: "npm:^4.1.1"
  languageName: unknown
  linkType: soft
